// !$*UTF8*$!
{
	archiveVersion = 1;
	classes = {
	};
	objectVersion = 48;
	objects = {

/* Begin PBXBuildFile section */
		231D3AD31F96F2990065140D /* 构造和析构基础.cpp in Sources */ = {isa = PBXBuildFile; fileRef = 231D3AD21F96F2990065140D /* 构造和析构基础.cpp */; };
		232E747A1F9885FF005149D1 /* static关键字.cpp in Sources */ = {isa = PBXBuildFile; fileRef = 232E746B1F9885FE005149D1 /* static关键字.cpp */; };
		232E747B1F9885FF005149D1 /* copy构造函数规则研究.cpp in Sources */ = {isa = PBXBuildFile; fileRef = 232E746C1F9885FE005149D1 /* copy构造函数规则研究.cpp */; };
		232E747C1F9885FF005149D1 /* 拷贝构造函数的四种应用场景.cpp in Sources */ = {isa = PBXBuildFile; fileRef = 232E746D1F9885FE005149D1 /* 拷贝构造函数的四种应用场景.cpp */; };
		232E747D1F9885FF005149D1 /* 强化练习01.cpp in Sources */ = {isa = PBXBuildFile; fileRef = 232E746E1F9885FF005149D1 /* 强化练习01.cpp */; };
		232E747E1F9885FF005149D1 /* 拷贝构造函数第四个应用场景.cpp in Sources */ = {isa = PBXBuildFile; fileRef = 232E746F1F9885FF005149D1 /* 拷贝构造函数第四个应用场景.cpp */; };
		232E747F1F9885FF005149D1 /* C++对象管理模型.cpp in Sources */ = {isa = PBXBuildFile; fileRef = 232E74701F9885FF005149D1 /* C++对象管理模型.cpp */; };
		232E74801F9885FF005149D1 /* 强化练习03.cpp in Sources */ = {isa = PBXBuildFile; fileRef = 232E74711F9885FF005149D1 /* 强化练习03.cpp */; };
		232E74811F9885FF005149D1 /* 多个对象初始化问题研究.cpp in Sources */ = {isa = PBXBuildFile; fileRef = 232E74721F9885FF005149D1 /* 多个对象初始化问题研究.cpp */; };
		232E74821F9885FF005149D1 /* newDelete专题提高.cpp in Sources */ = {isa = PBXBuildFile; fileRef = 232E74731F9885FF005149D1 /* newDelete专题提高.cpp */; };
		232E74831F9885FF005149D1 /* newDelete专题基础.cpp in Sources */ = {isa = PBXBuildFile; fileRef = 232E74741F9885FF005149D1 /* newDelete专题基础.cpp */; };
		232E74841F9885FF005149D1 /* 强化练习02.cpp in Sources */ = {isa = PBXBuildFile; fileRef = 232E74751F9885FF005149D1 /* 强化练习02.cpp */; };
		232E74851F9885FF005149D1 /* 拷贝构造函数场景2.cpp in Sources */ = {isa = PBXBuildFile; fileRef = 232E74761F9885FF005149D1 /* 拷贝构造函数场景2.cpp */; };
		232E74861F9885FF005149D1 /* 深copy浅copy.cpp in Sources */ = {isa = PBXBuildFile; fileRef = 232E74771F9885FF005149D1 /* 深copy浅copy.cpp */; };
		232E74871F9885FF005149D1 /* 深浅copy2.cpp in Sources */ = {isa = PBXBuildFile; fileRef = 232E74781F9885FF005149D1 /* 深浅copy2.cpp */; };
		232E74881F9885FF005149D1 /* C++对象管理模型2.cpp in Sources */ = {isa = PBXBuildFile; fileRef = 232E74791F9885FF005149D1 /* C++对象管理模型2.cpp */; };
		23D75CCA1F8570FC00173F22 /* ks02.c in Sources */ = {isa = PBXBuildFile; fileRef = 23D75CC91F8570FC00173F22 /* ks02.c */; };
		23E689641F95AA1500D3DF1C /* myop.c in Sources */ = {isa = PBXBuildFile; fileRef = 23E689621F95AA1500D3DF1C /* myop.c */; };
		23E689661F95AE7200D3DF1C /* test_interface.c in Sources */ = {isa = PBXBuildFile; fileRef = 23E689651F95AE7200D3DF1C /* test_interface.c */; };
		23E689691F95AF0000D3DF1C /* cfg_op.c in Sources */ = {isa = PBXBuildFile; fileRef = 23E689681F95AF0000D3DF1C /* cfg_op.c */; };
		23E6D8691F9700E50090BCEB /* ks03.c in Sources */ = {isa = PBXBuildFile; fileRef = 23E6D8681F9700E50090BCEB /* ks03.c */; };
		23E6D86B1F9716150090BCEB /* ks04.c in Sources */ = {isa = PBXBuildFile; fileRef = 23E6D86A1F9716150090BCEB /* ks04.c */; };
		23F19B281F84872A008D25FD /* 构造析构方案.cpp in Sources */ = {isa = PBXBuildFile; fileRef = 23F19B271F84872A008D25FD /* 构造析构方案.cpp */; };
		23F19B2B1F848FD4008D25FD /* ks01.c in Sources */ = {isa = PBXBuildFile; fileRef = 23F19B2A1F848FD4008D25FD /* ks01.c */; };
/* End PBXBuildFile section */

/* Begin PBXCopyFilesBuildPhase section */
		23C1EDDA1F7A1E5C009A6631 /* CopyFiles */ = {
			isa = PBXCopyFilesBuildPhase;
			buildActionMask = 2147483647;
			dstPath = /usr/share/man/man1/;
			dstSubfolderSpec = 0;
			files = (
			);
			runOnlyForDeploymentPostprocessing = 1;
		};
/* End PBXCopyFilesBuildPhase section */

/* Begin PBXFileReference section */
		231D3AD21F96F2990065140D /* 构造和析构基础.cpp */ = {isa = PBXFileReference; lastKnownFileType = sourcecode.cpp.cpp; path = "构造和析构基础.cpp"; sourceTree = "<group>"; };
		232E746B1F9885FE005149D1 /* static关键字.cpp */ = {isa = PBXFileReference; fileEncoding = 4; lastKnownFileType = sourcecode.cpp.cpp; path = "static关键字.cpp"; sourceTree = "<group>"; };
		232E746C1F9885FE005149D1 /* copy构造函数规则研究.cpp */ = {isa = PBXFileReference; fileEncoding = 4; lastKnownFileType = sourcecode.cpp.cpp; path = "copy构造函数规则研究.cpp"; sourceTree = "<group>"; };
		232E746D1F9885FE005149D1 /* 拷贝构造函数的四种应用场景.cpp */ = {isa = PBXFileReference; fileEncoding = 4; lastKnownFileType = sourcecode.cpp.cpp; path = "拷贝构造函数的四种应用场景.cpp"; sourceTree = "<group>"; };
		232E746E1F9885FF005149D1 /* 强化练习01.cpp */ = {isa = PBXFileReference; fileEncoding = 4; lastKnownFileType = sourcecode.cpp.cpp; path = "强化练习01.cpp"; sourceTree = "<group>"; };
		232E746F1F9885FF005149D1 /* 拷贝构造函数第四个应用场景.cpp */ = {isa = PBXFileReference; fileEncoding = 4; lastKnownFileType = sourcecode.cpp.cpp; path = "拷贝构造函数第四个应用场景.cpp"; sourceTree = "<group>"; };
		232E74701F9885FF005149D1 /* C++对象管理模型.cpp */ = {isa = PBXFileReference; fileEncoding = 4; lastKnownFileType = sourcecode.cpp.cpp; path = "C++对象管理模型.cpp"; sourceTree = "<group>"; };
		232E74711F9885FF005149D1 /* 强化练习03.cpp */ = {isa = PBXFileReference; fileEncoding = 4; lastKnownFileType = sourcecode.cpp.cpp; path = "强化练习03.cpp"; sourceTree = "<group>"; };
		232E74721F9885FF005149D1 /* 多个对象初始化问题研究.cpp */ = {isa = PBXFileReference; fileEncoding = 4; lastKnownFileType = sourcecode.cpp.cpp; path = "多个对象初始化问题研究.cpp"; sourceTree = "<group>"; };
		232E74731F9885FF005149D1 /* newDelete专题提高.cpp */ = {isa = PBXFileReference; fileEncoding = 4; lastKnownFileType = sourcecode.cpp.cpp; path = "newDelete专题提高.cpp"; sourceTree = "<group>"; };
		232E74741F9885FF005149D1 /* newDelete专题基础.cpp */ = {isa = PBXFileReference; fileEncoding = 4; lastKnownFileType = sourcecode.cpp.cpp; path = "newDelete专题基础.cpp"; sourceTree = "<group>"; };
		232E74751F9885FF005149D1 /* 强化练习02.cpp */ = {isa = PBXFileReference; fileEncoding = 4; lastKnownFileType = sourcecode.cpp.cpp; path = "强化练习02.cpp"; sourceTree = "<group>"; };
		232E74761F9885FF005149D1 /* 拷贝构造函数场景2.cpp */ = {isa = PBXFileReference; fileEncoding = 4; lastKnownFileType = sourcecode.cpp.cpp; path = "拷贝构造函数场景2.cpp"; sourceTree = "<group>"; };
		232E74771F9885FF005149D1 /* 深copy浅copy.cpp */ = {isa = PBXFileReference; fileEncoding = 4; lastKnownFileType = sourcecode.cpp.cpp; path = "深copy浅copy.cpp"; sourceTree = "<group>"; };
		232E74781F9885FF005149D1 /* 深浅copy2.cpp */ = {isa = PBXFileReference; fileEncoding = 4; lastKnownFileType = sourcecode.cpp.cpp; path = "深浅copy2.cpp"; sourceTree = "<group>"; };
		232E74791F9885FF005149D1 /* C++对象管理模型2.cpp */ = {isa = PBXFileReference; fileEncoding = 4; lastKnownFileType = sourcecode.cpp.cpp; path = "C++对象管理模型2.cpp"; sourceTree = "<group>"; };
		23C1EDDC1F7A1E5C009A6631 /* Practice */ = {isa = PBXFileReference; explicitFileType = "compiled.mach-o.executable"; includeInIndex = 0; path = Practice; sourceTree = BUILT_PRODUCTS_DIR; };
		23D75CC91F8570FC00173F22 /* ks02.c */ = {isa = PBXFileReference; lastKnownFileType = sourcecode.c.c; path = ks02.c; sourceTree = "<group>"; };
		23E689621F95AA1500D3DF1C /* myop.c */ = {isa = PBXFileReference; lastKnownFileType = sourcecode.c.c; path = myop.c; sourceTree = "<group>"; };
		23E689631F95AA1500D3DF1C /* myop.h */ = {isa = PBXFileReference; lastKnownFileType = sourcecode.c.h; path = myop.h; sourceTree = "<group>"; };
		23E689651F95AE7200D3DF1C /* test_interface.c */ = {isa = PBXFileReference; lastKnownFileType = sourcecode.c.c; path = test_interface.c; sourceTree = "<group>"; };
		23E689671F95AEB900D3DF1C /* cfg_op.h */ = {isa = PBXFileReference; lastKnownFileType = sourcecode.c.h; path = cfg_op.h; sourceTree = "<group>"; };
		23E689681F95AF0000D3DF1C /* cfg_op.c */ = {isa = PBXFileReference; lastKnownFileType = sourcecode.c.c; path = cfg_op.c; sourceTree = "<group>"; };
		23E6D8681F9700E50090BCEB /* ks03.c */ = {isa = PBXFileReference; lastKnownFileType = sourcecode.c.c; path = ks03.c; sourceTree = "<group>"; };
		23E6D86A1F9716150090BCEB /* ks04.c */ = {isa = PBXFileReference; lastKnownFileType = sourcecode.c.c; path = ks04.c; sourceTree = "<group>"; };
		23F19B271F84872A008D25FD /* 构造析构方案.cpp */ = {isa = PBXFileReference; lastKnownFileType = sourcecode.cpp.cpp; path = "构造析构方案.cpp"; sourceTree = "<group>"; };
		23F19B2A1F848FD4008D25FD /* ks01.c */ = {isa = PBXFileReference; lastKnownFileType = sourcecode.c.c; path = ks01.c; sourceTree = "<group>"; };
/* End PBXFileReference section */

/* Begin PBXFrameworksBuildPhase section */
		23C1EDD91F7A1E5C009A6631 /* Frameworks */ = {
			isa = PBXFrameworksBuildPhase;
			buildActionMask = 2147483647;
			files = (
			);
			runOnlyForDeploymentPostprocessing = 0;
		};
/* End PBXFrameworksBuildPhase section */

/* Begin PBXGroup section */
		231D3AD11F96F2700065140D /* 结构体和析构函数 */ = {
			isa = PBXGroup;
			children = (
				232E74721F9885FF005149D1 /* 多个对象初始化问题研究.cpp */,
				232E74761F9885FF005149D1 /* 拷贝构造函数场景2.cpp */,
				232E746D1F9885FE005149D1 /* 拷贝构造函数的四种应用场景.cpp */,
				232E746F1F9885FF005149D1 /* 拷贝构造函数第四个应用场景.cpp */,
				232E746E1F9885FF005149D1 /* 强化练习01.cpp */,
				232E74751F9885FF005149D1 /* 强化练习02.cpp */,
				232E74711F9885FF005149D1 /* 强化练习03.cpp */,
				232E74781F9885FF005149D1 /* 深浅copy2.cpp */,
				232E74771F9885FF005149D1 /* 深copy浅copy.cpp */,
				232E74701F9885FF005149D1 /* C++对象管理模型.cpp */,
				232E74791F9885FF005149D1 /* C++对象管理模型2.cpp */,
				232E746C1F9885FE005149D1 /* copy构造函数规则研究.cpp */,
				232E74741F9885FF005149D1 /* newDelete专题基础.cpp */,
				232E74731F9885FF005149D1 /* newDelete专题提高.cpp */,
				232E746B1F9885FE005149D1 /* static关键字.cpp */,
				231D3AD21F96F2990065140D /* 构造和析构基础.cpp */,
			);
			path = "结构体和析构函数";
			sourceTree = "<group>";
		};
		23C1EDD31F7A1E5C009A6631 = {
			isa = PBXGroup;
			children = (
				231D3AD11F96F2700065140D /* 结构体和析构函数 */,
				23E689611F95A9E400D3DF1C /* 结构体配置文件读写 */,
				23F19B291F848FA6008D25FD /* C-期中测试 */,
				23C1EDE71F7AE661009A6631 /* 引用操练 */,
				23C1EDDE1F7A1E5C009A6631 /* Practice */,
				23C1EDDD1F7A1E5C009A6631 /* Products */,
			);
			sourceTree = "<group>";
		};
		23C1EDDD1F7A1E5C009A6631 /* Products */ = {
			isa = PBXGroup;
			children = (
				23C1EDDC1F7A1E5C009A6631 /* Practice */,
			);
			name = Products;
			sourceTree = "<group>";
		};
		23C1EDDE1F7A1E5C009A6631 /* Practice */ = {
			isa = PBXGroup;
			children = (
			);
			path = Practice;
			sourceTree = "<group>";
		};
		23C1EDE71F7AE661009A6631 /* 引用操练 */ = {
			isa = PBXGroup;
			children = (
				23F19B271F84872A008D25FD /* 构造析构方案.cpp */,
			);
			path = "引用操练";
			sourceTree = "<group>";
		};
		23E689611F95A9E400D3DF1C /* 结构体配置文件读写 */ = {
			isa = PBXGroup;
			children = (
				23E689621F95AA1500D3DF1C /* myop.c */,
				23E689631F95AA1500D3DF1C /* myop.h */,
				23E689651F95AE7200D3DF1C /* test_interface.c */,
				23E689671F95AEB900D3DF1C /* cfg_op.h */,
				23E689681F95AF0000D3DF1C /* cfg_op.c */,
			);
			path = "结构体配置文件读写";
			sourceTree = "<group>";
		};
		23F19B291F848FA6008D25FD /* C-期中测试 */ = {
			isa = PBXGroup;
			children = (
				23F19B2A1F848FD4008D25FD /* ks01.c */,
				23D75CC91F8570FC00173F22 /* ks02.c */,
				23E6D8681F9700E50090BCEB /* ks03.c */,
				23E6D86A1F9716150090BCEB /* ks04.c */,
			);
			path = "C-期中测试";
			sourceTree = "<group>";
		};
/* End PBXGroup section */

/* Begin PBXNativeTarget section */
		23C1EDDB1F7A1E5C009A6631 /* Practice */ = {
			isa = PBXNativeTarget;
			buildConfigurationList = 23C1EDE31F7A1E5D009A6631 /* Build configuration list for PBXNativeTarget "Practice" */;
			buildPhases = (
				23C1EDD81F7A1E5C009A6631 /* Sources */,
				23C1EDD91F7A1E5C009A6631 /* Frameworks */,
				23C1EDDA1F7A1E5C009A6631 /* CopyFiles */,
			);
			buildRules = (
			);
			dependencies = (
			);
			name = Practice;
			productName = Practice;
			productReference = 23C1EDDC1F7A1E5C009A6631 /* Practice */;
			productType = "com.apple.product-type.tool";
		};
/* End PBXNativeTarget section */

/* Begin PBXProject section */
		23C1EDD41F7A1E5C009A6631 /* Project object */ = {
			isa = PBXProject;
			attributes = {
				LastUpgradeCheck = 0900;
				ORGANIZATIONNAME = "Rey Ren";
				TargetAttributes = {
					23C1EDDB1F7A1E5C009A6631 = {
						CreatedOnToolsVersion = 9.0;
						ProvisioningStyle = Automatic;
					};
				};
			};
			buildConfigurationList = 23C1EDD71F7A1E5C009A6631 /* Build configuration list for PBXProject "Practice" */;
			compatibilityVersion = "Xcode 8.0";
			developmentRegion = en;
			hasScannedForEncodings = 0;
			knownRegions = (
				en,
			);
			mainGroup = 23C1EDD31F7A1E5C009A6631;
			productRefGroup = 23C1EDDD1F7A1E5C009A6631 /* Products */;
			projectDirPath = "";
			projectRoot = "";
			targets = (
				23C1EDDB1F7A1E5C009A6631 /* Practice */,
			);
		};
/* End PBXProject section */

/* Begin PBXSourcesBuildPhase section */
		23C1EDD81F7A1E5C009A6631 /* Sources */ = {
			isa = PBXSourcesBuildPhase;
			buildActionMask = 2147483647;
			files = (
				232E74811F9885FF005149D1 /* 多个对象初始化问题研究.cpp in Sources */,
				232E74861F9885FF005149D1 /* 深copy浅copy.cpp in Sources */,
				23E6D8691F9700E50090BCEB /* ks03.c in Sources */,
				232E74821F9885FF005149D1 /* newDelete专题提高.cpp in Sources */,
				232E74801F9885FF005149D1 /* 强化练习03.cpp in Sources */,
				232E74851F9885FF005149D1 /* 拷贝构造函数场景2.cpp in Sources */,
				232E747F1F9885FF005149D1 /* C++对象管理模型.cpp in Sources */,
				232E74881F9885FF005149D1 /* C++对象管理模型2.cpp in Sources */,
				23E6D86B1F9716150090BCEB /* ks04.c in Sources */,
				231D3AD31F96F2990065140D /* 构造和析构基础.cpp in Sources */,
				232E747E1F9885FF005149D1 /* 拷贝构造函数第四个应用场景.cpp in Sources */,
				23E689641F95AA1500D3DF1C /* myop.c in Sources */,
				232E74831F9885FF005149D1 /* newDelete专题基础.cpp in Sources */,
				232E747D1F9885FF005149D1 /* 强化练习01.cpp in Sources */,
				23E689691F95AF0000D3DF1C /* cfg_op.c in Sources */,
				23E689661F95AE7200D3DF1C /* test_interface.c in Sources */,
				232E74871F9885FF005149D1 /* 深浅copy2.cpp in Sources */,
				23D75CCA1F8570FC00173F22 /* ks02.c in Sources */,
				232E747B1F9885FF005149D1 /* copy构造函数规则研究.cpp in Sources */,
				232E747C1F9885FF005149D1 /* 拷贝构造函数的四种应用场景.cpp in Sources */,
				232E74841F9885FF005149D1 /* 强化练习02.cpp in Sources */,
				23F19B2B1F848FD4008D25FD /* ks01.c in Sources */,
				232E747A1F9885FF005149D1 /* static关键字.cpp in Sources */,
				23F19B281F84872A008D25FD /* 构造析构方案.cpp in Sources */,
			);
			runOnlyForDeploymentPostprocessing = 0;
		};
/* End PBXSourcesBuildPhase section */

/* Begin XCBuildConfiguration section */
		23C1EDE11F7A1E5D009A6631 /* Debug */ = {
			isa = XCBuildConfiguration;
			buildSettings = {
				ALWAYS_SEARCH_USER_PATHS = NO;
				CLANG_ANALYZER_NONNULL = YES;
				CLANG_ANALYZER_NUMBER_OBJECT_CONVERSION = YES_AGGRESSIVE;
				CLANG_CXX_LANGUAGE_STANDARD = "gnu++14";
				CLANG_CXX_LIBRARY = "libc++";
				CLANG_ENABLE_MODULES = YES;
				CLANG_ENABLE_OBJC_ARC = YES;
				CLANG_WARN_BLOCK_CAPTURE_AUTORELEASING = YES;
				CLANG_WARN_BOOL_CONVERSION = YES;
				CLANG_WARN_COMMA = YES;
				CLANG_WARN_CONSTANT_CONVERSION = YES;
				CLANG_WARN_DIRECT_OBJC_ISA_USAGE = YES_ERROR;
				CLANG_WARN_DOCUMENTATION_COMMENTS = YES;
				CLANG_WARN_EMPTY_BODY = YES;
				CLANG_WARN_ENUM_CONVERSION = YES;
				CLANG_WARN_INFINITE_RECURSION = YES;
				CLANG_WARN_INT_CONVERSION = YES;
				CLANG_WARN_NON_LITERAL_NULL_CONVERSION = YES;
				CLANG_WARN_OBJC_LITERAL_CONVERSION = YES;
				CLANG_WARN_OBJC_ROOT_CLASS = YES_ERROR;
				CLANG_WARN_RANGE_LOOP_ANALYSIS = YES;
				CLANG_WARN_STRICT_PROTOTYPES = YES;
				CLANG_WARN_SUSPICIOUS_MOVE = YES;
				CLANG_WARN_UNGUARDED_AVAILABILITY = YES_AGGRESSIVE;
				CLANG_WARN_UNREACHABLE_CODE = YES;
				CLANG_WARN__DUPLICATE_METHOD_MATCH = YES;
				CODE_SIGN_IDENTITY = "-";
				COPY_PHASE_STRIP = NO;
				DEBUG_INFORMATION_FORMAT = dwarf;
				ENABLE_STRICT_OBJC_MSGSEND = YES;
				ENABLE_TESTABILITY = YES;
				GCC_C_LANGUAGE_STANDARD = gnu11;
				GCC_DYNAMIC_NO_PIC = NO;
				GCC_NO_COMMON_BLOCKS = YES;
				GCC_OPTIMIZATION_LEVEL = 0;
				GCC_PREPROCESSOR_DEFINITIONS = (
					"DEBUG=1",
					"$(inherited)",
				);
				GCC_WARN_64_TO_32_BIT_CONVERSION = YES;
				GCC_WARN_ABOUT_RETURN_TYPE = YES_ERROR;
				GCC_WARN_UNDECLARED_SELECTOR = YES;
				GCC_WARN_UNINITIALIZED_AUTOS = YES_AGGRESSIVE;
				GCC_WARN_UNUSED_FUNCTION = YES;
				GCC_WARN_UNUSED_VARIABLE = YES;
				MACOSX_DEPLOYMENT_TARGET = 10.12;
				MTL_ENABLE_DEBUG_INFO = YES;
				ONLY_ACTIVE_ARCH = YES;
				SDKROOT = macosx;
			};
			name = Debug;
		};
		23C1EDE21F7A1E5D009A6631 /* Release */ = {
			isa = XCBuildConfiguration;
			buildSettings = {
				ALWAYS_SEARCH_USER_PATHS = NO;
				CLANG_ANALYZER_NONNULL = YES;
				CLANG_ANALYZER_NUMBER_OBJECT_CONVERSION = YES_AGGRESSIVE;
				CLANG_CXX_LANGUAGE_STANDARD = "gnu++14";
				CLANG_CXX_LIBRARY = "libc++";
				CLANG_ENABLE_MODULES = YES;
				CLANG_ENABLE_OBJC_ARC = YES;
				CLANG_WARN_BLOCK_CAPTURE_AUTORELEASING = YES;
				CLANG_WARN_BOOL_CONVERSION = YES;
				CLANG_WARN_COMMA = YES;
				CLANG_WARN_CONSTANT_CONVERSION = YES;
				CLANG_WARN_DIRECT_OBJC_ISA_USAGE = YES_ERROR;
				CLANG_WARN_DOCUMENTATION_COMMENTS = YES;
				CLANG_WARN_EMPTY_BODY = YES;
				CLANG_WARN_ENUM_CONVERSION = YES;
				CLANG_WARN_INFINITE_RECURSION = YES;
				CLANG_WARN_INT_CONVERSION = YES;
				CLANG_WARN_NON_LITERAL_NULL_CONVERSION = YES;
				CLANG_WARN_OBJC_LITERAL_CONVERSION = YES;
				CLANG_WARN_OBJC_ROOT_CLASS = YES_ERROR;
				CLANG_WARN_RANGE_LOOP_ANALYSIS = YES;
				CLANG_WARN_STRICT_PROTOTYPES = YES;
				CLANG_WARN_SUSPICIOUS_MOVE = YES;
				CLANG_WARN_UNGUARDED_AVAILABILITY = YES_AGGRESSIVE;
				CLANG_WARN_UNREACHABLE_CODE = YES;
				CLANG_WARN__DUPLICATE_METHOD_MATCH = YES;
				CODE_SIGN_IDENTITY = "-";
				COPY_PHASE_STRIP = NO;
				DEBUG_INFORMATION_FORMAT = "dwarf-with-dsym";
				ENABLE_NS_ASSERTIONS = NO;
				ENABLE_STRICT_OBJC_MSGSEND = YES;
				GCC_C_LANGUAGE_STANDARD = gnu11;
				GCC_NO_COMMON_BLOCKS = YES;
				GCC_WARN_64_TO_32_BIT_CONVERSION = YES;
				GCC_WARN_ABOUT_RETURN_TYPE = YES_ERROR;
				GCC_WARN_UNDECLARED_SELECTOR = YES;
				GCC_WARN_UNINITIALIZED_AUTOS = YES_AGGRESSIVE;
				GCC_WARN_UNUSED_FUNCTION = YES;
				GCC_WARN_UNUSED_VARIABLE = YES;
				MACOSX_DEPLOYMENT_TARGET = 10.12;
				MTL_ENABLE_DEBUG_INFO = NO;
				SDKROOT = macosx;
			};
			name = Release;
		};
		23C1EDE41F7A1E5D009A6631 /* Debug */ = {
			isa = XCBuildConfiguration;
			buildSettings = {
				CODE_SIGN_STYLE = Automatic;
				PRODUCT_NAME = "$(TARGET_NAME)";
			};
			name = Debug;
		};
		23C1EDE51F7A1E5D009A6631 /* Release */ = {
			isa = XCBuildConfiguration;
			buildSettings = {
				CODE_SIGN_STYLE = Automatic;
				PRODUCT_NAME = "$(TARGET_NAME)";
			};
			name = Release;
		};
/* End XCBuildConfiguration section */

/* Begin XCConfigurationList section */
		23C1EDD71F7A1E5C009A6631 /* Build configuration list for PBXProject "Practice" */ = {
			isa = XCConfigurationList;
			buildConfigurations = (
				23C1EDE11F7A1E5D009A6631 /* Debug */,
				23C1EDE21F7A1E5D009A6631 /* Release */,
			);
			defaultConfigurationIsVisible = 0;
			defaultConfigurationName = Release;
		};
		23C1EDE31F7A1E5D009A6631 /* Build configuration list for PBXNativeTarget "Practice" */ = {
			isa = XCConfigurationList;
			buildConfigurations = (
				23C1EDE41F7A1E5D009A6631 /* Debug */,
				23C1EDE51F7A1E5D009A6631 /* Release */,
			);
			defaultConfigurationIsVisible = 0;
			defaultConfigurationName = Release;
		};
/* End XCConfigurationList section */
	};
	rootObject = 23C1EDD41F7A1E5C009A6631 /* Project object */;
}
